
Microsoft Visual Studio Solution File, Format Version 12.00
# Visual Studio Version 17
VisualStudioVersion = 17.11.35312.102
MinimumVisualStudioVersion = 10.0.40219.1
Project("{FAE04EC0-301F-11D3-BF4B-00C04F79EFBC}") = "calculator", "calculator.csproj", "{EB16771E-E3EC-4F88-85F9-2301C815AF67}"
EndProject
Global
	GlobalSection(SolutionConfigurationPlatforms) = preSolution
		Debug|Any CPU = Debug|Any CPU
		Release|Any CPU = Release|Any CPU
	EndGlobalSection
	GlobalSection(ProjectConfigurationPlatforms) = postSolution
		{EB16771E-E3EC-4F88-85F9-2301C815AF67}.Debug|Any CPU.ActiveCfg = Debug|Any CPU
		{EB16771E-E3EC-4F88-85F9-2301C815AF67}.Debug|Any CPU.Build.0 = Debug|Any CPU
		{EB16771E-E3EC-4F88-85F9-2301C815AF67}.Release|Any CPU.ActiveCfg = Release|Any CPU
		{EB16771E-E3EC-4F88-85F9-2301C815AF67}.Release|Any CPU.Build.0 = Release|Any CPU
	EndGlobalSection
	GlobalSection(SolutionProperties) = preSolution
		HideSolutionNode = FALSE
	EndGlobalSection
	GlobalSection(ExtensibilityGlobals) = postSolution
		SolutionGuid = {37152676-8CCE-4005-9CD1-F1B5B5EE93F1}
	EndGlobalSection
EndGlobal
